
Microsoft Visual Studio Solution File, Format Version 12.00
# Visual Studio Version 16
VisualStudioVersion = 16.0.30717.126
MinimumVisualStudioVersion = 10.0.40219.1
Project("{FAE04EC0-301F-11D3-BF4B-00C04F79EFBC}") = "Identity", "Identity\Identity.csproj", "{BAE17F65-113E-46B0-94E1-5FC2E90FC9D9}"
EndProject
Global
	GlobalSection(SolutionConfigurationPlatforms) = preSolution
		Debug|Any CPU = Debug|Any CPU
		Release|Any CPU = Release|Any CPU
	EndGlobalSection
	GlobalSection(ProjectConfigurationPlatforms) = postSolution
		{BAE17F65-113E-46B0-94E1-5FC2E90FC9D9}.Debug|Any CPU.ActiveCfg = Debug|Any CPU
		{BAE17F65-113E-46B0-94E1-5FC2E90FC9D9}.Debug|Any CPU.Build.0 = Debug|Any CPU
		{BAE17F65-113E-46B0-94E1-5FC2E90FC9D9}.Release|Any CPU.ActiveCfg = Release|Any CPU
		{BAE17F65-113E-46B0-94E1-5FC2E90FC9D9}.Release|Any CPU.Build.0 = Release|Any CPU
	EndGlobalSection
	GlobalSection(SolutionProperties) = preSolution
		HideSolutionNode = FALSE
	EndGlobalSection
	GlobalSection(ExtensibilityGlobals) = postSolution
		SolutionGuid = {B94151D5-5E0B-4005-982B-7C7EB8B870CF}
	EndGlobalSection
EndGlobal
